// !$*UTF8*$!
{
	archiveVersion = 1;
	classes = {
	};
	objectVersion = 46;
	objects = {

/* Begin PBXFileReference section */
		049C918C17DA2A8600BA43AF /* level0.text */ = {isa = PBXFileReference; fileEncoding = 4; lastKnownFileType = text; name = level0.text; path = data/levels/level0.text; sourceTree = "<group>"; };
		04A95EA517D90AA5009BBA9C /* defences.py */ = {isa = PBXFileReference; fileEncoding = 4; lastKnownFileType = text.script.python; path = defences.py; sourceTree = "<group>"; };
		04A95EA717D90AA5009BBA9C /* level.py */ = {isa = PBXFileReference; fileEncoding = 4; lastKnownFileType = text.script.python; path = level.py; sourceTree = "<group>"; };
		04A95EAA17D90E42009BBA9C /* sprites.py */ = {isa = PBXFileReference; fileEncoding = 4; lastKnownFileType = text.script.python; path = sprites.py; sourceTree = "<group>"; };
		04A95EAB17D9106D009BBA9C /* game.py */ = {isa = PBXFileReference; fileEncoding = 4; lastKnownFileType = text.script.python; path = game.py; sourceTree = "<group>"; };
		04A95EAC17D91811009BBA9C /* locals.py */ = {isa = PBXFileReference; fileEncoding = 4; lastKnownFileType = text.script.python; path = locals.py; sourceTree = "<group>"; };
/* End PBXFileReference section */

/* Begin PBXGroup section */
		04A95E9A17D90A8B009BBA9C = {
			isa = PBXGroup;
			children = (
				049C918C17DA2A8600BA43AF /* level0.text */,
				04A95EA517D90AA5009BBA9C /* defences.py */,
				04A95EAB17D9106D009BBA9C /* game.py */,
				04A95EAA17D90E42009BBA9C /* sprites.py */,
				04A95EAC17D91811009BBA9C /* locals.py */,
				04A95EA717D90AA5009BBA9C /* level.py */,
			);
			sourceTree = "<group>";
		};
/* End PBXGroup section */

/* Begin PBXLegacyTarget section */
		04A95E9F17D90A8B009BBA9C /* PythonGame */ = {
			isa = PBXLegacyTarget;
			buildArgumentsString = "$(ACTION)";
			buildConfigurationList = 04A95EA217D90A8B009BBA9C /* Build configuration list for PBXLegacyTarget "PythonGame" */;
			buildPhases = (
			);
			buildToolPath = "/usr/local/bin/python-32";
			dependencies = (
			);
			name = PythonGame;
			passBuildSettingsInEnvironment = 1;
			productName = PythonGame;
		};
/* End PBXLegacyTarget section */

/* Begin PBXProject section */
		04A95E9B17D90A8B009BBA9C /* Project object */ = {
			isa = PBXProject;
			attributes = {
				LastUpgradeCheck = 0460;
				ORGANIZATIONNAME = "Marcius Oliveira";
			};
			buildConfigurationList = 04A95E9E17D90A8B009BBA9C /* Build configuration list for PBXProject "PythonGame" */;
			compatibilityVersion = "Xcode 3.2";
			developmentRegion = English;
			hasScannedForEncodings = 0;
			knownRegions = (
				en,
			);
			mainGroup = 04A95E9A17D90A8B009BBA9C;
			projectDirPath = "";
			projectRoot = "";
			targets = (
				04A95E9F17D90A8B009BBA9C /* PythonGame */,
			);
		};
/* End PBXProject section */

/* Begin XCBuildConfiguration section */
		04A95EA017D90A8B009BBA9C /* Debug */ = {
			isa = XCBuildConfiguration;
			buildSettings = {
				ALWAYS_SEARCH_USER_PATHS = NO;
				ARCHS = "$(ARCHS_STANDARD_64_BIT)";
				CLANG_CXX_LANGUAGE_STANDARD = "gnu++0x";
				CLANG_CXX_LIBRARY = "libc++";
				CLANG_WARN_CONSTANT_CONVERSION = YES;
				CLANG_WARN_EMPTY_BODY = YES;
				CLANG_WARN_ENUM_CONVERSION = YES;
				CLANG_WARN_INT_CONVERSION = YES;
				CLANG_WARN__DUPLICATE_METHOD_MATCH = YES;
				COPY_PHASE_STRIP = NO;
				GCC_C_LANGUAGE_STANDARD = gnu99;
				GCC_DYNAMIC_NO_PIC = NO;
				GCC_ENABLE_OBJC_EXCEPTIONS = YES;
				GCC_OPTIMIZATION_LEVEL = 0;
				GCC_PREPROCESSOR_DEFINITIONS = (
					"DEBUG=1",
					"$(inherited)",
				);
				GCC_SYMBOLS_PRIVATE_EXTERN = NO;
				GCC_WARN_64_TO_32_BIT_CONVERSION = YES;
				GCC_WARN_ABOUT_RETURN_TYPE = YES;
				GCC_WARN_UNINITIALIZED_AUTOS = YES;
				GCC_WARN_UNUSED_VARIABLE = YES;
				MACOSX_DEPLOYMENT_TARGET = 10.8;
				ONLY_ACTIVE_ARCH = YES;
				SDKROOT = macosx;
			};
			name = Debug;
		};
		04A95EA117D90A8B009BBA9C /* Release */ = {
			isa = XCBuildConfiguration;
			buildSettings = {
				ALWAYS_SEARCH_USER_PATHS = NO;
				ARCHS = "$(ARCHS_STANDARD_64_BIT)";
				CLANG_CXX_LANGUAGE_STANDARD = "gnu++0x";
				CLANG_CXX_LIBRARY = "libc++";
				CLANG_WARN_CONSTANT_CONVERSION = YES;
				CLANG_WARN_EMPTY_BODY = YES;
				CLANG_WARN_ENUM_CONVERSION = YES;
				CLANG_WARN_INT_CONVERSION = YES;
				CLANG_WARN__DUPLICATE_METHOD_MATCH = YES;
				COPY_PHASE_STRIP = YES;
				DEBUG_INFORMATION_FORMAT = "dwarf-with-dsym";
				GCC_C_LANGUAGE_STANDARD = gnu99;
				GCC_ENABLE_OBJC_EXCEPTIONS = YES;
				GCC_WARN_64_TO_32_BIT_CONVERSION = YES;
				GCC_WARN_ABOUT_RETURN_TYPE = YES;
				GCC_WARN_UNINITIALIZED_AUTOS = YES;
				GCC_WARN_UNUSED_VARIABLE = YES;
				MACOSX_DEPLOYMENT_TARGET = 10.8;
				SDKROOT = macosx;
			};
			name = Release;
		};
		04A95EA317D90A8B009BBA9C /* Debug */ = {
			isa = XCBuildConfiguration;
			buildSettings = {
				DEBUGGING_SYMBOLS = YES;
				GCC_GENERATE_DEBUGGING_SYMBOLS = YES;
				GCC_OPTIMIZATION_LEVEL = 0;
				OTHER_CFLAGS = "";
				OTHER_LDFLAGS = "";
				PRODUCT_NAME = "$(TARGET_NAME)";
			};
			name = Debug;
		};
		04A95EA417D90A8B009BBA9C /* Release */ = {
			isa = XCBuildConfiguration;
			buildSettings = {
				OTHER_CFLAGS = "";
				OTHER_LDFLAGS = "";
				PRODUCT_NAME = "$(TARGET_NAME)";
			};
			name = Release;
		};
/* End XCBuildConfiguration section */

/* Begin XCConfigurationList section */
		04A95E9E17D90A8B009BBA9C /* Build configuration list for PBXProject "PythonGame" */ = {
			isa = XCConfigurationList;
			buildConfigurations = (
				04A95EA017D90A8B009BBA9C /* Debug */,
				04A95EA117D90A8B009BBA9C /* Release */,
			);
			defaultConfigurationIsVisible = 0;
			defaultConfigurationName = Release;
		};
		04A95EA217D90A8B009BBA9C /* Build configuration list for PBXLegacyTarget "PythonGame" */ = {
			isa = XCConfigurationList;
			buildConfigurations = (
				04A95EA317D90A8B009BBA9C /* Debug */,
				04A95EA417D90A8B009BBA9C /* Release */,
			);
			defaultConfigurationIsVisible = 0;
			defaultConfigurationName = Release;
		};
/* End XCConfigurationList section */
	};
	rootObject = 04A95E9B17D90A8B009BBA9C /* Project object */;
}
